
Microsoft Visual Studio Solution File, Format Version 12.00
# Visual Studio 15
VisualStudioVersion = 15.0.27703.2035
MinimumVisualStudioVersion = 10.0.40219.1
Project("{8BC9CEB8-8B4A-11D0-8D11-00A0C91BC942}") = "Project4", "Project4\Project4.vcxproj", "{E476FC16-1FB4-4CB2-B92C-2FECAB3C71BB}"
EndProject
Global
	GlobalSection(SolutionConfigurationPlatforms) = preSolution
		Debug|x64 = Debug|x64
		Debug|x86 = Debug|x86
		Release|x64 = Release|x64
		Release|x86 = Release|x86
	EndGlobalSection
	GlobalSection(ProjectConfigurationPlatforms) = postSolution
		{E476FC16-1FB4-4CB2-B92C-2FECAB3C71BB}.Debug|x64.ActiveCfg = Debug|x64
		{E476FC16-1FB4-4CB2-B92C-2FECAB3C71BB}.Debug|x64.Build.0 = Debug|x64
		{E476FC16-1FB4-4CB2-B92C-2FECAB3C71BB}.Debug|x86.ActiveCfg = Debug|Win32
		{E476FC16-1FB4-4CB2-B92C-2FECAB3C71BB}.Debug|x86.Build.0 = Debug|Win32
		{E476FC16-1FB4-4CB2-B92C-2FECAB3C71BB}.Release|x64.ActiveCfg = Release|x64
		{E476FC16-1FB4-4CB2-B92C-2FECAB3C71BB}.Release|x64.Build.0 = Release|x64
		{E476FC16-1FB4-4CB2-B92C-2FECAB3C71BB}.Release|x86.ActiveCfg = Release|Win32
		{E476FC16-1FB4-4CB2-B92C-2FECAB3C71BB}.Release|x86.Build.0 = Release|Win32
	EndGlobalSection
	GlobalSection(SolutionProperties) = preSolution
		HideSolutionNode = FALSE
	EndGlobalSection
	GlobalSection(ExtensibilityGlobals) = postSolution
		SolutionGuid = {79F2CC3C-F43C-4924-B9B8-31B05839A757}
	EndGlobalSection
EndGlobal
